
Microsoft Visual Studio Solution File, Format Version 12.00
# Visual Studio Version 17
VisualStudioVersion = 17.8.34309.116
MinimumVisualStudioVersion = 10.0.40219.1
Project("{FAE04EC0-301F-11D3-BF4B-00C04F79EFBC}") = "UsuariosApi", "UsuariosApi\UsuariosApi.csproj", "{1405272D-257F-4B5E-91E7-75C5D642F02C}"
EndProject
Global
	GlobalSection(SolutionConfigurationPlatforms) = preSolution
		Debug|Any CPU = Debug|Any CPU
		Release|Any CPU = Release|Any CPU
	EndGlobalSection
	GlobalSection(ProjectConfigurationPlatforms) = postSolution
		{1405272D-257F-4B5E-91E7-75C5D642F02C}.Debug|Any CPU.ActiveCfg = Debug|Any CPU
		{1405272D-257F-4B5E-91E7-75C5D642F02C}.Debug|Any CPU.Build.0 = Debug|Any CPU
		{1405272D-257F-4B5E-91E7-75C5D642F02C}.Release|Any CPU.ActiveCfg = Release|Any CPU
		{1405272D-257F-4B5E-91E7-75C5D642F02C}.Release|Any CPU.Build.0 = Release|Any CPU
	EndGlobalSection
	GlobalSection(SolutionProperties) = preSolution
		HideSolutionNode = FALSE
	EndGlobalSection
	GlobalSection(ExtensibilityGlobals) = postSolution
		SolutionGuid = {3197056A-DC1B-4CA4-9206-B52FF8C1B0C1}
	EndGlobalSection
EndGlobal
